
Microsoft Visual Studio Solution File, Format Version 12.00
# Visual Studio Version 17
VisualStudioVersion = 17.0.31903.59
MinimumVisualStudioVersion = 10.0.40219.1
Project("{2150E333-8FDC-42A3-9474-1A3956D46DE8}") = "src", "src", "{827E0CD3-B72D-47B6-A68D-7590B98EB39B}"
EndProject
Project("{FAE04EC0-301F-11D3-BF4B-00C04F79EFBC}") = "BuilderPlatform.Domain", "src\BuilderPlatform.Domain\BuilderPlatform.Domain.csproj", "{12EB4EA7-2AF7-4989-9F2A-7607EEEA2C78}"
EndProject
Project("{FAE04EC0-301F-11D3-BF4B-00C04F79EFBC}") = "BuilderPlatform.Infrastructure", "src\BuilderPlatform.Infrastructure\BuilderPlatform.Infrastructure.csproj", "{E584F05F-59D6-43B0-8E70-8F46874B7CB5}"
EndProject
Project("{FAE04EC0-301F-11D3-BF4B-00C04F79EFBC}") = "BuilderPlatform.API", "src\BuilderPlatform.API\BuilderPlatform.API.csproj", "{2F7BEE14-4A6A-482B-B87B-5249C3A26F5F}"
EndProject
Global
	GlobalSection(SolutionConfigurationPlatforms) = preSolution
		Debug|Any CPU = Debug|Any CPU
		Debug|x64 = Debug|x64
		Debug|x86 = Debug|x86
		Release|Any CPU = Release|Any CPU
		Release|x64 = Release|x64
		Release|x86 = Release|x86
	EndGlobalSection
	GlobalSection(ProjectConfigurationPlatforms) = postSolution
		{12EB4EA7-2AF7-4989-9F2A-7607EEEA2C78}.Debug|Any CPU.ActiveCfg = Debug|Any CPU
		{12EB4EA7-2AF7-4989-9F2A-7607EEEA2C78}.Debug|Any CPU.Build.0 = Debug|Any CPU
		{12EB4EA7-2AF7-4989-9F2A-7607EEEA2C78}.Debug|x64.ActiveCfg = Debug|Any CPU
		{12EB4EA7-2AF7-4989-9F2A-7607EEEA2C78}.Debug|x64.Build.0 = Debug|Any CPU
		{12EB4EA7-2AF7-4989-9F2A-7607EEEA2C78}.Debug|x86.ActiveCfg = Debug|Any CPU
		{12EB4EA7-2AF7-4989-9F2A-7607EEEA2C78}.Debug|x86.Build.0 = Debug|Any CPU
		{12EB4EA7-2AF7-4989-9F2A-7607EEEA2C78}.Release|Any CPU.ActiveCfg = Release|Any CPU
		{12EB4EA7-2AF7-4989-9F2A-7607EEEA2C78}.Release|Any CPU.Build.0 = Release|Any CPU
		{12EB4EA7-2AF7-4989-9F2A-7607EEEA2C78}.Release|x64.ActiveCfg = Release|Any CPU
		{12EB4EA7-2AF7-4989-9F2A-7607EEEA2C78}.Release|x64.Build.0 = Release|Any CPU
		{12EB4EA7-2AF7-4989-9F2A-7607EEEA2C78}.Release|x86.ActiveCfg = Release|Any CPU
		{12EB4EA7-2AF7-4989-9F2A-7607EEEA2C78}.Release|x86.Build.0 = Release|Any CPU
		{E584F05F-59D6-43B0-8E70-8F46874B7CB5}.Debug|Any CPU.ActiveCfg = Debug|Any CPU
		{E584F05F-59D6-43B0-8E70-8F46874B7CB5}.Debug|Any CPU.Build.0 = Debug|Any CPU
		{E584F05F-59D6-43B0-8E70-8F46874B7CB5}.Debug|x64.ActiveCfg = Debug|Any CPU
		{E584F05F-59D6-43B0-8E70-8F46874B7CB5}.Debug|x64.Build.0 = Debug|Any CPU
		{E584F05F-59D6-43B0-8E70-8F46874B7CB5}.Debug|x86.ActiveCfg = Debug|Any CPU
		{E584F05F-59D6-43B0-8E70-8F46874B7CB5}.Debug|x86.Build.0 = Debug|Any CPU
		{E584F05F-59D6-43B0-8E70-8F46874B7CB5}.Release|Any CPU.ActiveCfg = Release|Any CPU
		{E584F05F-59D6-43B0-8E70-8F46874B7CB5}.Release|Any CPU.Build.0 = Release|Any CPU
		{E584F05F-59D6-43B0-8E70-8F46874B7CB5}.Release|x64.ActiveCfg = Release|Any CPU
		{E584F05F-59D6-43B0-8E70-8F46874B7CB5}.Release|x64.Build.0 = Release|Any CPU
		{E584F05F-59D6-43B0-8E70-8F46874B7CB5}.Release|x86.ActiveCfg = Release|Any CPU
		{E584F05F-59D6-43B0-8E70-8F46874B7CB5}.Release|x86.Build.0 = Release|Any CPU
		{2F7BEE14-4A6A-482B-B87B-5249C3A26F5F}.Debug|Any CPU.ActiveCfg = Debug|Any CPU
		{2F7BEE14-4A6A-482B-B87B-5249C3A26F5F}.Debug|Any CPU.Build.0 = Debug|Any CPU
		{2F7BEE14-4A6A-482B-B87B-5249C3A26F5F}.Debug|x64.ActiveCfg = Debug|Any CPU
		{2F7BEE14-4A6A-482B-B87B-5249C3A26F5F}.Debug|x64.Build.0 = Debug|Any CPU
		{2F7BEE14-4A6A-482B-B87B-5249C3A26F5F}.Debug|x86.ActiveCfg = Debug|Any CPU
		{2F7BEE14-4A6A-482B-B87B-5249C3A26F5F}.Debug|x86.Build.0 = Debug|Any CPU
		{2F7BEE14-4A6A-482B-B87B-5249C3A26F5F}.Release|Any CPU.ActiveCfg = Release|Any CPU
		{2F7BEE14-4A6A-482B-B87B-5249C3A26F5F}.Release|Any CPU.Build.0 = Release|Any CPU
		{2F7BEE14-4A6A-482B-B87B-5249C3A26F5F}.Release|x64.ActiveCfg = Release|Any CPU
		{2F7BEE14-4A6A-482B-B87B-5249C3A26F5F}.Release|x64.Build.0 = Release|Any CPU
		{2F7BEE14-4A6A-482B-B87B-5249C3A26F5F}.Release|x86.ActiveCfg = Release|Any CPU
		{2F7BEE14-4A6A-482B-B87B-5249C3A26F5F}.Release|x86.Build.0 = Release|Any CPU
	EndGlobalSection
	GlobalSection(SolutionProperties) = preSolution
		HideSolutionNode = FALSE
	EndGlobalSection
	GlobalSection(NestedProjects) = preSolution
		{12EB4EA7-2AF7-4989-9F2A-7607EEEA2C78} = {827E0CD3-B72D-47B6-A68D-7590B98EB39B}
		{E584F05F-59D6-43B0-8E70-8F46874B7CB5} = {827E0CD3-B72D-47B6-A68D-7590B98EB39B}
		{2F7BEE14-4A6A-482B-B87B-5249C3A26F5F} = {827E0CD3-B72D-47B6-A68D-7590B98EB39B}
	EndGlobalSection
EndGlobal
